
Microsoft Visual Studio Solution File, Format Version 12.00
# Visual Studio Version 17
VisualStudioVersion = 17.8.34330.188
MinimumVisualStudioVersion = 10.0.40219.1
Project("{FAE04EC0-301F-11D3-BF4B-00C04F79EFBC}") = "Tarea_1", "Tarea_1\Tarea_1.csproj", "{88B0BAE2-A4C3-41CC-A3D2-22F2DA5E9912}"
EndProject
Global
	GlobalSection(SolutionConfigurationPlatforms) = preSolution
		Debug|Any CPU = Debug|Any CPU
		Release|Any CPU = Release|Any CPU
	EndGlobalSection
	GlobalSection(ProjectConfigurationPlatforms) = postSolution
		{88B0BAE2-A4C3-41CC-A3D2-22F2DA5E9912}.Debug|Any CPU.ActiveCfg = Debug|Any CPU
		{88B0BAE2-A4C3-41CC-A3D2-22F2DA5E9912}.Debug|Any CPU.Build.0 = Debug|Any CPU
		{88B0BAE2-A4C3-41CC-A3D2-22F2DA5E9912}.Release|Any CPU.ActiveCfg = Release|Any CPU
		{88B0BAE2-A4C3-41CC-A3D2-22F2DA5E9912}.Release|Any CPU.Build.0 = Release|Any CPU
	EndGlobalSection
	GlobalSection(SolutionProperties) = preSolution
		HideSolutionNode = FALSE
	EndGlobalSection
	GlobalSection(ExtensibilityGlobals) = postSolution
		SolutionGuid = {52A6C372-677F-4783-A7B5-F450A062411F}
	EndGlobalSection
EndGlobal
